// !$*UTF8*$!
{
	archiveVersion = 1;
	classes = {
	};
	objectVersion = 55;
	objects = {

/* Begin PBXBuildFile section */
		6AB700F3D6655ADE57AC5647 /* Pods_NetworkLooker.framework in Frameworks */ = {isa = PBXBuildFile; fileRef = 12D2A5925180116987358D9E /* Pods_NetworkLooker.framework */; };
		940653E928EDEE5F0005ABEE /* AppDelegate.swift in Sources */ = {isa = PBXBuildFile; fileRef = 940653E828EDEE5F0005ABEE /* AppDelegate.swift */; };
		940653EB28EDEE5F0005ABEE /* ViewController.swift in Sources */ = {isa = PBXBuildFile; fileRef = 940653EA28EDEE5F0005ABEE /* ViewController.swift */; };
		940653ED28EDEE610005ABEE /* Assets.xcassets in Resources */ = {isa = PBXBuildFile; fileRef = 940653EC28EDEE610005ABEE /* Assets.xcassets */; };
		940653F028EDEE610005ABEE /* Main.storyboard in Resources */ = {isa = PBXBuildFile; fileRef = 940653EE28EDEE610005ABEE /* Main.storyboard */; };
		940653F828EDEF560005ABEE /* index.html in Resources */ = {isa = PBXBuildFile; fileRef = 940653F728EDEF560005ABEE /* index.html */; };
		940653FB28EDF3D80005ABEE /* NetworkLooker.a in Frameworks */ = {isa = PBXBuildFile; fileRef = 940653F928EDF3D80005ABEE /* NetworkLooker.a */; };
/* End PBXBuildFile section */

/* Begin PBXFileReference section */
		12D2A5925180116987358D9E /* Pods_NetworkLooker.framework */ = {isa = PBXFileReference; explicitFileType = wrapper.framework; includeInIndex = 0; path = Pods_NetworkLooker.framework; sourceTree = BUILT_PRODUCTS_DIR; };
		61D0A39D3126678BD84CA984 /* Pods-NetworkLooker.debug.xcconfig */ = {isa = PBXFileReference; includeInIndex = 1; lastKnownFileType = text.xcconfig; name = "Pods-NetworkLooker.debug.xcconfig"; path = "Target Support Files/Pods-NetworkLooker/Pods-NetworkLooker.debug.xcconfig"; sourceTree = "<group>"; };
		940653E528EDEE5F0005ABEE /* NetworkLooker.app */ = {isa = PBXFileReference; explicitFileType = wrapper.application; includeInIndex = 0; path = NetworkLooker.app; sourceTree = BUILT_PRODUCTS_DIR; };
		940653E828EDEE5F0005ABEE /* AppDelegate.swift */ = {isa = PBXFileReference; lastKnownFileType = sourcecode.swift; path = AppDelegate.swift; sourceTree = "<group>"; };
		940653EA28EDEE5F0005ABEE /* ViewController.swift */ = {isa = PBXFileReference; lastKnownFileType = sourcecode.swift; path = ViewController.swift; sourceTree = "<group>"; };
		940653EC28EDEE610005ABEE /* Assets.xcassets */ = {isa = PBXFileReference; lastKnownFileType = folder.assetcatalog; path = Assets.xcassets; sourceTree = "<group>"; };
		940653EF28EDEE610005ABEE /* Base */ = {isa = PBXFileReference; lastKnownFileType = file.storyboard; name = Base; path = Base.lproj/Main.storyboard; sourceTree = "<group>"; };
		940653F128EDEE610005ABEE /* NetworkLooker.entitlements */ = {isa = PBXFileReference; lastKnownFileType = text.plist.entitlements; path = NetworkLooker.entitlements; sourceTree = "<group>"; };
		940653F728EDEF560005ABEE /* index.html */ = {isa = PBXFileReference; lastKnownFileType = text.html; path = index.html; sourceTree = "<group>"; };
		940653F928EDF3D80005ABEE /* NetworkLooker.a */ = {isa = PBXFileReference; lastKnownFileType = archive.ar; path = NetworkLooker.a; sourceTree = "<group>"; };
		940653FA28EDF3D80005ABEE /* NetworkLooker.h */ = {isa = PBXFileReference; fileEncoding = 4; lastKnownFileType = sourcecode.c.h; path = NetworkLooker.h; sourceTree = "<group>"; };
		940653FC28EDF3F90005ABEE /* NetworkLooker-Bridging-Header.h */ = {isa = PBXFileReference; lastKnownFileType = sourcecode.c.h; path = "NetworkLooker-Bridging-Header.h"; sourceTree = "<group>"; };
		DD3E71464509DE89293DAD94 /* Pods-NetworkLooker.release.xcconfig */ = {isa = PBXFileReference; includeInIndex = 1; lastKnownFileType = text.xcconfig; name = "Pods-NetworkLooker.release.xcconfig"; path = "Target Support Files/Pods-NetworkLooker/Pods-NetworkLooker.release.xcconfig"; sourceTree = "<group>"; };
/* End PBXFileReference section */

/* Begin PBXFrameworksBuildPhase section */
		940653E228EDEE5F0005ABEE /* Frameworks */ = {
			isa = PBXFrameworksBuildPhase;
			buildActionMask = 2147483647;
			files = (
				940653FB28EDF3D80005ABEE /* NetworkLooker.a in Frameworks */,
				6AB700F3D6655ADE57AC5647 /* Pods_NetworkLooker.framework in Frameworks */,
			);
			runOnlyForDeploymentPostprocessing = 0;
		};
/* End PBXFrameworksBuildPhase section */

/* Begin PBXGroup section */
		24A70A60C402CC7AF303D586 /* Pods */ = {
			isa = PBXGroup;
			children = (
				61D0A39D3126678BD84CA984 /* Pods-NetworkLooker.debug.xcconfig */,
				DD3E71464509DE89293DAD94 /* Pods-NetworkLooker.release.xcconfig */,
			);
			path = Pods;
			sourceTree = "<group>";
		};
		2EB2A226B6ED7872F247C9CF /* Frameworks */ = {
			isa = PBXGroup;
			children = (
				12D2A5925180116987358D9E /* Pods_NetworkLooker.framework */,
			);
			name = Frameworks;
			sourceTree = "<group>";
		};
		940653DC28EDEE5F0005ABEE = {
			isa = PBXGroup;
			children = (
				940653E728EDEE5F0005ABEE /* NetworkLooker */,
				940653E628EDEE5F0005ABEE /* Products */,
				24A70A60C402CC7AF303D586 /* Pods */,
				2EB2A226B6ED7872F247C9CF /* Frameworks */,
			);
			sourceTree = "<group>";
		};
		940653E628EDEE5F0005ABEE /* Products */ = {
			isa = PBXGroup;
			children = (
				940653E528EDEE5F0005ABEE /* NetworkLooker.app */,
			);
			name = Products;
			sourceTree = "<group>";
		};
		940653E728EDEE5F0005ABEE /* NetworkLooker */ = {
			isa = PBXGroup;
			children = (
				940653E828EDEE5F0005ABEE /* AppDelegate.swift */,
				940653EA28EDEE5F0005ABEE /* ViewController.swift */,
				940653F928EDF3D80005ABEE /* NetworkLooker.a */,
				940653FA28EDF3D80005ABEE /* NetworkLooker.h */,
				940653F728EDEF560005ABEE /* index.html */,
				940653EC28EDEE610005ABEE /* Assets.xcassets */,
				940653EE28EDEE610005ABEE /* Main.storyboard */,
				940653F128EDEE610005ABEE /* NetworkLooker.entitlements */,
				940653FC28EDF3F90005ABEE /* NetworkLooker-Bridging-Header.h */,
			);
			path = NetworkLooker;
			sourceTree = "<group>";
		};
/* End PBXGroup section */

/* Begin PBXNativeTarget section */
		940653E428EDEE5F0005ABEE /* NetworkLooker */ = {
			isa = PBXNativeTarget;
			buildConfigurationList = 940653F428EDEE610005ABEE /* Build configuration list for PBXNativeTarget "NetworkLooker" */;
			buildPhases = (
				D320478DF2F36D77FC666335 /* [CP] Check Pods Manifest.lock */,
				940653E128EDEE5F0005ABEE /* Sources */,
				940653E228EDEE5F0005ABEE /* Frameworks */,
				940653E328EDEE5F0005ABEE /* Resources */,
				7A1928F1EDBE85941818F6FD /* [CP] Embed Pods Frameworks */,
			);
			buildRules = (
			);
			dependencies = (
			);
			name = NetworkLooker;
			productName = NetworkLooker;
			productReference = 940653E528EDEE5F0005ABEE /* NetworkLooker.app */;
			productType = "com.apple.product-type.application";
		};
/* End PBXNativeTarget section */

/* Begin PBXProject section */
		940653DD28EDEE5F0005ABEE /* Project object */ = {
			isa = PBXProject;
			attributes = {
				BuildIndependentTargetsInParallel = 1;
				LastSwiftUpdateCheck = 1340;
				LastUpgradeCheck = 1340;
				TargetAttributes = {
					940653E428EDEE5F0005ABEE = {
						CreatedOnToolsVersion = 13.4;
						LastSwiftMigration = 1340;
					};
				};
			};
			buildConfigurationList = 940653E028EDEE5F0005ABEE /* Build configuration list for PBXProject "NetworkLooker" */;
			compatibilityVersion = "Xcode 13.0";
			developmentRegion = en;
			hasScannedForEncodings = 0;
			knownRegions = (
				en,
				Base,
			);
			mainGroup = 940653DC28EDEE5F0005ABEE;
			productRefGroup = 940653E628EDEE5F0005ABEE /* Products */;
			projectDirPath = "";
			projectRoot = "";
			targets = (
				940653E428EDEE5F0005ABEE /* NetworkLooker */,
			);
		};
/* End PBXProject section */

/* Begin PBXResourcesBuildPhase section */
		940653E328EDEE5F0005ABEE /* Resources */ = {
			isa = PBXResourcesBuildPhase;
			buildActionMask = 2147483647;
			files = (
				940653F828EDEF560005ABEE /* index.html in Resources */,
				940653ED28EDEE610005ABEE /* Assets.xcassets in Resources */,
				940653F028EDEE610005ABEE /* Main.storyboard in Resources */,
			);
			runOnlyForDeploymentPostprocessing = 0;
		};
/* End PBXResourcesBuildPhase section */

/* Begin PBXShellScriptBuildPhase section */
		7A1928F1EDBE85941818F6FD /* [CP] Embed Pods Frameworks */ = {
			isa = PBXShellScriptBuildPhase;
			buildActionMask = 2147483647;
			files = (
			);
			inputFileListPaths = (
				"${PODS_ROOT}/Target Support Files/Pods-NetworkLooker/Pods-NetworkLooker-frameworks-${CONFIGURATION}-input-files.xcfilelist",
			);
			name = "[CP] Embed Pods Frameworks";
			outputFileListPaths = (
				"${PODS_ROOT}/Target Support Files/Pods-NetworkLooker/Pods-NetworkLooker-frameworks-${CONFIGURATION}-output-files.xcfilelist",
			);
			runOnlyForDeploymentPostprocessing = 0;
			shellPath = /bin/sh;
			shellScript = "\"${PODS_ROOT}/Target Support Files/Pods-NetworkLooker/Pods-NetworkLooker-frameworks.sh\"\n";
			showEnvVarsInLog = 0;
		};
		D320478DF2F36D77FC666335 /* [CP] Check Pods Manifest.lock */ = {
			isa = PBXShellScriptBuildPhase;
			buildActionMask = 2147483647;
			files = (
			);
			inputFileListPaths = (
			);
			inputPaths = (
				"${PODS_PODFILE_DIR_PATH}/Podfile.lock",
				"${PODS_ROOT}/Manifest.lock",
			);
			name = "[CP] Check Pods Manifest.lock";
			outputFileListPaths = (
			);
			outputPaths = (
				"$(DERIVED_FILE_DIR)/Pods-NetworkLooker-checkManifestLockResult.txt",
			);
			runOnlyForDeploymentPostprocessing = 0;
			shellPath = /bin/sh;
			shellScript = "diff \"${PODS_PODFILE_DIR_PATH}/Podfile.lock\" \"${PODS_ROOT}/Manifest.lock\" > /dev/null\nif [ $? != 0 ] ; then\n    # print error to STDERR\n    echo \"error: The sandbox is not in sync with the Podfile.lock. Run 'pod install' or update your CocoaPods installation.\" >&2\n    exit 1\nfi\n# This output is used by Xcode 'outputs' to avoid re-running this script phase.\necho \"SUCCESS\" > \"${SCRIPT_OUTPUT_FILE_0}\"\n";
			showEnvVarsInLog = 0;
		};
/* End PBXShellScriptBuildPhase section */

/* Begin PBXSourcesBuildPhase section */
		940653E128EDEE5F0005ABEE /* Sources */ = {
			isa = PBXSourcesBuildPhase;
			buildActionMask = 2147483647;
			files = (
				940653EB28EDEE5F0005ABEE /* ViewController.swift in Sources */,
				940653E928EDEE5F0005ABEE /* AppDelegate.swift in Sources */,
			);
			runOnlyForDeploymentPostprocessing = 0;
		};
/* End PBXSourcesBuildPhase section */

/* Begin PBXVariantGroup section */
		940653EE28EDEE610005ABEE /* Main.storyboard */ = {
			isa = PBXVariantGroup;
			children = (
				940653EF28EDEE610005ABEE /* Base */,
			);
			name = Main.storyboard;
			sourceTree = "<group>";
		};
/* End PBXVariantGroup section */

/* Begin XCBuildConfiguration section */
		940653F228EDEE610005ABEE /* Debug */ = {
			isa = XCBuildConfiguration;
			buildSettings = {
				ALWAYS_SEARCH_USER_PATHS = NO;
				CLANG_ANALYZER_NONNULL = YES;
				CLANG_ANALYZER_NUMBER_OBJECT_CONVERSION = YES_AGGRESSIVE;
				CLANG_CXX_LANGUAGE_STANDARD = "gnu++17";
				CLANG_ENABLE_MODULES = YES;
				CLANG_ENABLE_OBJC_ARC = YES;
				CLANG_ENABLE_OBJC_WEAK = YES;
				CLANG_WARN_BLOCK_CAPTURE_AUTORELEASING = YES;
				CLANG_WARN_BOOL_CONVERSION = YES;
				CLANG_WARN_COMMA = YES;
				CLANG_WARN_CONSTANT_CONVERSION = YES;
				CLANG_WARN_DEPRECATED_OBJC_IMPLEMENTATIONS = YES;
				CLANG_WARN_DIRECT_OBJC_ISA_USAGE = YES_ERROR;
				CLANG_WARN_DOCUMENTATION_COMMENTS = YES;
				CLANG_WARN_EMPTY_BODY = YES;
				CLANG_WARN_ENUM_CONVERSION = YES;
				CLANG_WARN_INFINITE_RECURSION = YES;
				CLANG_WARN_INT_CONVERSION = YES;
				CLANG_WARN_NON_LITERAL_NULL_CONVERSION = YES;
				CLANG_WARN_OBJC_IMPLICIT_RETAIN_SELF = YES;
				CLANG_WARN_OBJC_LITERAL_CONVERSION = YES;
				CLANG_WARN_OBJC_ROOT_CLASS = YES_ERROR;
				CLANG_WARN_QUOTED_INCLUDE_IN_FRAMEWORK_HEADER = YES;
				CLANG_WARN_RANGE_LOOP_ANALYSIS = YES;
				CLANG_WARN_STRICT_PROTOTYPES = YES;
				CLANG_WARN_SUSPICIOUS_MOVE = YES;
				CLANG_WARN_UNGUARDED_AVAILABILITY = YES_AGGRESSIVE;
				CLANG_WARN_UNREACHABLE_CODE = YES;
				CLANG_WARN__DUPLICATE_METHOD_MATCH = YES;
				COPY_PHASE_STRIP = NO;
				DEBUG_INFORMATION_FORMAT = dwarf;
				ENABLE_STRICT_OBJC_MSGSEND = YES;
				ENABLE_TESTABILITY = YES;
				GCC_C_LANGUAGE_STANDARD = gnu11;
				GCC_DYNAMIC_NO_PIC = NO;
				GCC_NO_COMMON_BLOCKS = YES;
				GCC_OPTIMIZATION_LEVEL = 0;
				GCC_PREPROCESSOR_DEFINITIONS = (
					"DEBUG=1",
					"$(inherited)",
				);
				GCC_WARN_64_TO_32_BIT_CONVERSION = YES;
				GCC_WARN_ABOUT_RETURN_TYPE = YES_ERROR;
				GCC_WARN_UNDECLARED_SELECTOR = YES;
				GCC_WARN_UNINITIALIZED_AUTOS = YES_AGGRESSIVE;
				GCC_WARN_UNUSED_FUNCTION = YES;
				GCC_WARN_UNUSED_VARIABLE = YES;
				MACOSX_DEPLOYMENT_TARGET = 12.3;
				MTL_ENABLE_DEBUG_INFO = INCLUDE_SOURCE;
				MTL_FAST_MATH = YES;
				ONLY_ACTIVE_ARCH = YES;
				SDKROOT = macosx;
				SWIFT_ACTIVE_COMPILATION_CONDITIONS = DEBUG;
				SWIFT_OPTIMIZATION_LEVEL = "-Onone";
			};
			name = Debug;
		};
		940653F328EDEE610005ABEE /* Release */ = {
			isa = XCBuildConfiguration;
			buildSettings = {
				ALWAYS_SEARCH_USER_PATHS = NO;
				CLANG_ANALYZER_NONNULL = YES;
				CLANG_ANALYZER_NUMBER_OBJECT_CONVERSION = YES_AGGRESSIVE;
				CLANG_CXX_LANGUAGE_STANDARD = "gnu++17";
				CLANG_ENABLE_MODULES = YES;
				CLANG_ENABLE_OBJC_ARC = YES;
				CLANG_ENABLE_OBJC_WEAK = YES;
				CLANG_WARN_BLOCK_CAPTURE_AUTORELEASING = YES;
				CLANG_WARN_BOOL_CONVERSION = YES;
				CLANG_WARN_COMMA = YES;
				CLANG_WARN_CONSTANT_CONVERSION = YES;
				CLANG_WARN_DEPRECATED_OBJC_IMPLEMENTATIONS = YES;
				CLANG_WARN_DIRECT_OBJC_ISA_USAGE = YES_ERROR;
				CLANG_WARN_DOCUMENTATION_COMMENTS = YES;
				CLANG_WARN_EMPTY_BODY = YES;
				CLANG_WARN_ENUM_CONVERSION = YES;
				CLANG_WARN_INFINITE_RECURSION = YES;
				CLANG_WARN_INT_CONVERSION = YES;
				CLANG_WARN_NON_LITERAL_NULL_CONVERSION = YES;
				CLANG_WARN_OBJC_IMPLICIT_RETAIN_SELF = YES;
				CLANG_WARN_OBJC_LITERAL_CONVERSION = YES;
				CLANG_WARN_OBJC_ROOT_CLASS = YES_ERROR;
				CLANG_WARN_QUOTED_INCLUDE_IN_FRAMEWORK_HEADER = YES;
				CLANG_WARN_RANGE_LOOP_ANALYSIS = YES;
				CLANG_WARN_STRICT_PROTOTYPES = YES;
				CLANG_WARN_SUSPICIOUS_MOVE = YES;
				CLANG_WARN_UNGUARDED_AVAILABILITY = YES_AGGRESSIVE;
				CLANG_WARN_UNREACHABLE_CODE = YES;
				CLANG_WARN__DUPLICATE_METHOD_MATCH = YES;
				COPY_PHASE_STRIP = NO;
				DEBUG_INFORMATION_FORMAT = "dwarf-with-dsym";
				ENABLE_NS_ASSERTIONS = NO;
				ENABLE_STRICT_OBJC_MSGSEND = YES;
				GCC_C_LANGUAGE_STANDARD = gnu11;
				GCC_NO_COMMON_BLOCKS = YES;
				GCC_WARN_64_TO_32_BIT_CONVERSION = YES;
				GCC_WARN_ABOUT_RETURN_TYPE = YES_ERROR;
				GCC_WARN_UNDECLARED_SELECTOR = YES;
				GCC_WARN_UNINITIALIZED_AUTOS = YES_AGGRESSIVE;
				GCC_WARN_UNUSED_FUNCTION = YES;
				GCC_WARN_UNUSED_VARIABLE = YES;
				MACOSX_DEPLOYMENT_TARGET = 12.3;
				MTL_ENABLE_DEBUG_INFO = NO;
				MTL_FAST_MATH = YES;
				SDKROOT = macosx;
				SWIFT_COMPILATION_MODE = wholemodule;
				SWIFT_OPTIMIZATION_LEVEL = "-O";
			};
			name = Release;
		};
		940653F528EDEE610005ABEE /* Debug */ = {
			isa = XCBuildConfiguration;
			baseConfigurationReference = 61D0A39D3126678BD84CA984 /* Pods-NetworkLooker.debug.xcconfig */;
			buildSettings = {
				ASSETCATALOG_COMPILER_APPICON_NAME = AppIcon;
				ASSETCATALOG_COMPILER_GLOBAL_ACCENT_COLOR_NAME = AccentColor;
				CLANG_ENABLE_MODULES = YES;
				CODE_SIGN_ENTITLEMENTS = NetworkLooker/NetworkLooker.entitlements;
				CODE_SIGN_STYLE = Automatic;
				COMBINE_HIDPI_IMAGES = YES;
				CURRENT_PROJECT_VERSION = 1;
				GENERATE_INFOPLIST_FILE = YES;
				INFOPLIST_KEY_NSHumanReadableCopyright = "";
				INFOPLIST_KEY_NSMainStoryboardFile = Main;
				INFOPLIST_KEY_NSPrincipalClass = NSApplication;
				LD_RUNPATH_SEARCH_PATHS = (
					"$(inherited)",
					"@executable_path/../Frameworks",
				);
				LIBRARY_SEARCH_PATHS = (
					"$(inherited)",
					"$(PROJECT_DIR)/NetworkLooker",
				);
				MARKETING_VERSION = 1.0;
				PRODUCT_BUNDLE_IDENTIFIER = "-.NetworkLooker";
				PRODUCT_NAME = "$(TARGET_NAME)";
				SWIFT_EMIT_LOC_STRINGS = YES;
				SWIFT_OBJC_BRIDGING_HEADER = "NetworkLooker/NetworkLooker-Bridging-Header.h";
				SWIFT_OPTIMIZATION_LEVEL = "-Onone";
				SWIFT_VERSION = 5.0;
			};
			name = Debug;
		};
		940653F628EDEE610005ABEE /* Release */ = {
			isa = XCBuildConfiguration;
			baseConfigurationReference = DD3E71464509DE89293DAD94 /* Pods-NetworkLooker.release.xcconfig */;
			buildSettings = {
				ASSETCATALOG_COMPILER_APPICON_NAME = AppIcon;
				ASSETCATALOG_COMPILER_GLOBAL_ACCENT_COLOR_NAME = AccentColor;
				CLANG_ENABLE_MODULES = YES;
				CODE_SIGN_ENTITLEMENTS = NetworkLooker/NetworkLooker.entitlements;
				CODE_SIGN_STYLE = Automatic;
				COMBINE_HIDPI_IMAGES = YES;
				CURRENT_PROJECT_VERSION = 1;
				GENERATE_INFOPLIST_FILE = YES;
				INFOPLIST_KEY_NSHumanReadableCopyright = "";
				INFOPLIST_KEY_NSMainStoryboardFile = Main;
				INFOPLIST_KEY_NSPrincipalClass = NSApplication;
				LD_RUNPATH_SEARCH_PATHS = (
					"$(inherited)",
					"@executable_path/../Frameworks",
				);
				LIBRARY_SEARCH_PATHS = (
					"$(inherited)",
					"$(PROJECT_DIR)/NetworkLooker",
				);
				MARKETING_VERSION = 1.0;
				PRODUCT_BUNDLE_IDENTIFIER = "-.NetworkLooker";
				PRODUCT_NAME = "$(TARGET_NAME)";
				SWIFT_EMIT_LOC_STRINGS = YES;
				SWIFT_OBJC_BRIDGING_HEADER = "NetworkLooker/NetworkLooker-Bridging-Header.h";
				SWIFT_VERSION = 5.0;
			};
			name = Release;
		};
/* End XCBuildConfiguration section */

/* Begin XCConfigurationList section */
		940653E028EDEE5F0005ABEE /* Build configuration list for PBXProject "NetworkLooker" */ = {
			isa = XCConfigurationList;
			buildConfigurations = (
				940653F228EDEE610005ABEE /* Debug */,
				940653F328EDEE610005ABEE /* Release */,
			);
			defaultConfigurationIsVisible = 0;
			defaultConfigurationName = Release;
		};
		940653F428EDEE610005ABEE /* Build configuration list for PBXNativeTarget "NetworkLooker" */ = {
			isa = XCConfigurationList;
			buildConfigurations = (
				940653F528EDEE610005ABEE /* Debug */,
				940653F628EDEE610005ABEE /* Release */,
			);
			defaultConfigurationIsVisible = 0;
			defaultConfigurationName = Release;
		};
/* End XCConfigurationList section */
	};
	rootObject = 940653DD28EDEE5F0005ABEE /* Project object */;
}
