// !$*UTF8*$!
{
	archiveVersion = 1;
	classes = {
	};
	objectVersion = 50;
	objects = {

/* Begin PBXBuildFile section */
		6A7A3FBE22229F2E00700103 /* AppDelegate.m in Sources */ = {isa = PBXBuildFile; fileRef = 6A7A3FBD22229F2E00700103 /* AppDelegate.m */; };
		6A7A3FC022229F3000700103 /* Assets.xcassets in Resources */ = {isa = PBXBuildFile; fileRef = 6A7A3FBF22229F3000700103 /* Assets.xcassets */; };
		6A7A3FC322229F3000700103 /* MainMenu.xib in Resources */ = {isa = PBXBuildFile; fileRef = 6A7A3FC122229F3000700103 /* MainMenu.xib */; };
		6A7A3FC622229F3000700103 /* main.m in Sources */ = {isa = PBXBuildFile; fileRef = 6A7A3FC522229F3000700103 /* main.m */; };
		6A7A3FD12222EAC200700103 /* MainWindowController.xib in Resources */ = {isa = PBXBuildFile; fileRef = 6A7A3FCF2222EAC200700103 /* MainWindowController.xib */; };
		94D601E727A28FA000AFB56D /* netlib.a in Frameworks */ = {isa = PBXBuildFile; fileRef = 94D601E627A28FA000AFB56D /* netlib.a */; };
		94D601EA27A2923B00AFB56D /* MainWindowController.swift in Sources */ = {isa = PBXBuildFile; fileRef = 94D601E927A2923B00AFB56D /* MainWindowController.swift */; };
		94D601EC27A39C6B00AFB56D /* DataParser.swift in Sources */ = {isa = PBXBuildFile; fileRef = 94D601EB27A39C6B00AFB56D /* DataParser.swift */; };
		B7AFCD20BD3A1A3327EEEB62 /* libPods-Watcher.a in Frameworks */ = {isa = PBXBuildFile; fileRef = 19EF8AE8CBEDD262B7FCCC54 /* libPods-Watcher.a */; };
/* End PBXBuildFile section */

/* Begin PBXFileReference section */
		19EF8AE8CBEDD262B7FCCC54 /* libPods-Watcher.a */ = {isa = PBXFileReference; explicitFileType = archive.ar; includeInIndex = 0; path = "libPods-Watcher.a"; sourceTree = BUILT_PRODUCTS_DIR; };
		5FD80F5D26B951E91C449226 /* Pods-Watcher.release.xcconfig */ = {isa = PBXFileReference; includeInIndex = 1; lastKnownFileType = text.xcconfig; name = "Pods-Watcher.release.xcconfig"; path = "Pods/Target Support Files/Pods-Watcher/Pods-Watcher.release.xcconfig"; sourceTree = "<group>"; };
		6A7A3FB922229F2E00700103 /* Watcher.app */ = {isa = PBXFileReference; explicitFileType = wrapper.application; includeInIndex = 0; path = Watcher.app; sourceTree = BUILT_PRODUCTS_DIR; };
		6A7A3FBC22229F2E00700103 /* AppDelegate.h */ = {isa = PBXFileReference; lastKnownFileType = sourcecode.c.h; path = AppDelegate.h; sourceTree = "<group>"; };
		6A7A3FBD22229F2E00700103 /* AppDelegate.m */ = {isa = PBXFileReference; lastKnownFileType = sourcecode.c.objc; path = AppDelegate.m; sourceTree = "<group>"; };
		6A7A3FBF22229F3000700103 /* Assets.xcassets */ = {isa = PBXFileReference; lastKnownFileType = folder.assetcatalog; path = Assets.xcassets; sourceTree = "<group>"; };
		6A7A3FC222229F3000700103 /* Base */ = {isa = PBXFileReference; lastKnownFileType = file.xib; name = Base; path = Base.lproj/MainMenu.xib; sourceTree = "<group>"; };
		6A7A3FC422229F3000700103 /* Info.plist */ = {isa = PBXFileReference; lastKnownFileType = text.plist.xml; path = Info.plist; sourceTree = "<group>"; };
		6A7A3FC522229F3000700103 /* main.m */ = {isa = PBXFileReference; lastKnownFileType = sourcecode.c.objc; path = main.m; sourceTree = "<group>"; };
		6A7A3FC722229F3000700103 /* Watcher.entitlements */ = {isa = PBXFileReference; lastKnownFileType = text.plist.entitlements; path = Watcher.entitlements; sourceTree = "<group>"; };
		6A7A3FCF2222EAC200700103 /* MainWindowController.xib */ = {isa = PBXFileReference; lastKnownFileType = file.xib; path = MainWindowController.xib; sourceTree = "<group>"; };
		94D601E627A28FA000AFB56D /* netlib.a */ = {isa = PBXFileReference; lastKnownFileType = archive.ar; path = netlib.a; sourceTree = "<group>"; };
		94D601E827A2923B00AFB56D /* Watcher-Bridging-Header.h */ = {isa = PBXFileReference; lastKnownFileType = sourcecode.c.h; path = "Watcher-Bridging-Header.h"; sourceTree = "<group>"; };
		94D601E927A2923B00AFB56D /* MainWindowController.swift */ = {isa = PBXFileReference; lastKnownFileType = sourcecode.swift; path = MainWindowController.swift; sourceTree = "<group>"; };
		94D601EB27A39C6B00AFB56D /* DataParser.swift */ = {isa = PBXFileReference; lastKnownFileType = sourcecode.swift; path = DataParser.swift; sourceTree = "<group>"; };
		C3FEE21EEC43C63BAF720DC9 /* Pods-Watcher.debug.xcconfig */ = {isa = PBXFileReference; includeInIndex = 1; lastKnownFileType = text.xcconfig; name = "Pods-Watcher.debug.xcconfig"; path = "Pods/Target Support Files/Pods-Watcher/Pods-Watcher.debug.xcconfig"; sourceTree = "<group>"; };
/* End PBXFileReference section */

/* Begin PBXFrameworksBuildPhase section */
		6A7A3FB622229F2E00700103 /* Frameworks */ = {
			isa = PBXFrameworksBuildPhase;
			buildActionMask = 2147483647;
			files = (
				B7AFCD20BD3A1A3327EEEB62 /* libPods-Watcher.a in Frameworks */,
				94D601E727A28FA000AFB56D /* netlib.a in Frameworks */,
			);
			runOnlyForDeploymentPostprocessing = 0;
		};
/* End PBXFrameworksBuildPhase section */

/* Begin PBXGroup section */
		116BF77449AD6A1D2A202849 /* Frameworks */ = {
			isa = PBXGroup;
			children = (
				19EF8AE8CBEDD262B7FCCC54 /* libPods-Watcher.a */,
			);
			name = Frameworks;
			sourceTree = "<group>";
		};
		6A7A3FB022229F2E00700103 = {
			isa = PBXGroup;
			children = (
				6A7A3FBB22229F2E00700103 /* Watcher */,
				6A7A3FBA22229F2E00700103 /* Products */,
				6BF0CC92061BF434DE2A0E51 /* Pods */,
				116BF77449AD6A1D2A202849 /* Frameworks */,
			);
			sourceTree = "<group>";
		};
		6A7A3FBA22229F2E00700103 /* Products */ = {
			isa = PBXGroup;
			children = (
				6A7A3FB922229F2E00700103 /* Watcher.app */,
			);
			name = Products;
			sourceTree = "<group>";
		};
		6A7A3FBB22229F2E00700103 /* Watcher */ = {
			isa = PBXGroup;
			children = (
				94D601E627A28FA000AFB56D /* netlib.a */,
				6A7A3FBC22229F2E00700103 /* AppDelegate.h */,
				6A7A3FBD22229F2E00700103 /* AppDelegate.m */,
				6A7A3FCF2222EAC200700103 /* MainWindowController.xib */,
				6A7A3FBF22229F3000700103 /* Assets.xcassets */,
				6A7A3FC122229F3000700103 /* MainMenu.xib */,
				6A7A3FC422229F3000700103 /* Info.plist */,
				6A7A3FC522229F3000700103 /* main.m */,
				6A7A3FC722229F3000700103 /* Watcher.entitlements */,
				94D601E927A2923B00AFB56D /* MainWindowController.swift */,
				94D601EB27A39C6B00AFB56D /* DataParser.swift */,
				94D601E827A2923B00AFB56D /* Watcher-Bridging-Header.h */,
			);
			path = Watcher;
			sourceTree = "<group>";
		};
		6BF0CC92061BF434DE2A0E51 /* Pods */ = {
			isa = PBXGroup;
			children = (
				C3FEE21EEC43C63BAF720DC9 /* Pods-Watcher.debug.xcconfig */,
				5FD80F5D26B951E91C449226 /* Pods-Watcher.release.xcconfig */,
			);
			name = Pods;
			sourceTree = "<group>";
		};
/* End PBXGroup section */

/* Begin PBXNativeTarget section */
		6A7A3FB822229F2E00700103 /* Watcher */ = {
			isa = PBXNativeTarget;
			buildConfigurationList = 6A7A3FCA22229F3000700103 /* Build configuration list for PBXNativeTarget "Watcher" */;
			buildPhases = (
				05FE0A6770DA7E555FF0B26A /* [CP] Check Pods Manifest.lock */,
				6A7A3FB522229F2E00700103 /* Sources */,
				6A7A3FB622229F2E00700103 /* Frameworks */,
				6A7A3FB722229F2E00700103 /* Resources */,
			);
			buildRules = (
			);
			dependencies = (
			);
			name = Watcher;
			productName = Watcher;
			productReference = 6A7A3FB922229F2E00700103 /* Watcher.app */;
			productType = "com.apple.product-type.application";
		};
/* End PBXNativeTarget section */

/* Begin PBXProject section */
		6A7A3FB122229F2E00700103 /* Project object */ = {
			isa = PBXProject;
			attributes = {
				LastUpgradeCheck = 1010;
				ORGANIZATIONNAME = Hp;
				TargetAttributes = {
					6A7A3FB822229F2E00700103 = {
						CreatedOnToolsVersion = 10.1;
						LastSwiftMigration = 1310;
					};
				};
			};
			buildConfigurationList = 6A7A3FB422229F2E00700103 /* Build configuration list for PBXProject "Watcher" */;
			compatibilityVersion = "Xcode 9.3";
			developmentRegion = en;
			hasScannedForEncodings = 0;
			knownRegions = (
				en,
				Base,
			);
			mainGroup = 6A7A3FB022229F2E00700103;
			productRefGroup = 6A7A3FBA22229F2E00700103 /* Products */;
			projectDirPath = "";
			projectRoot = "";
			targets = (
				6A7A3FB822229F2E00700103 /* Watcher */,
			);
		};
/* End PBXProject section */

/* Begin PBXResourcesBuildPhase section */
		6A7A3FB722229F2E00700103 /* Resources */ = {
			isa = PBXResourcesBuildPhase;
			buildActionMask = 2147483647;
			files = (
				6A7A3FC022229F3000700103 /* Assets.xcassets in Resources */,
				6A7A3FD12222EAC200700103 /* MainWindowController.xib in Resources */,
				6A7A3FC322229F3000700103 /* MainMenu.xib in Resources */,
			);
			runOnlyForDeploymentPostprocessing = 0;
		};
/* End PBXResourcesBuildPhase section */

/* Begin PBXShellScriptBuildPhase section */
		05FE0A6770DA7E555FF0B26A /* [CP] Check Pods Manifest.lock */ = {
			isa = PBXShellScriptBuildPhase;
			buildActionMask = 2147483647;
			files = (
			);
			inputPaths = (
				"${PODS_PODFILE_DIR_PATH}/Podfile.lock",
				"${PODS_ROOT}/Manifest.lock",
			);
			name = "[CP] Check Pods Manifest.lock";
			outputPaths = (
				"$(DERIVED_FILE_DIR)/Pods-Watcher-checkManifestLockResult.txt",
			);
			runOnlyForDeploymentPostprocessing = 0;
			shellPath = /bin/sh;
			shellScript = "diff \"${PODS_PODFILE_DIR_PATH}/Podfile.lock\" \"${PODS_ROOT}/Manifest.lock\" > /dev/null\nif [ $? != 0 ] ; then\n    # print error to STDERR\n    echo \"error: The sandbox is not in sync with the Podfile.lock. Run 'pod install' or update your CocoaPods installation.\" >&2\n    exit 1\nfi\n# This output is used by Xcode 'outputs' to avoid re-running this script phase.\necho \"SUCCESS\" > \"${SCRIPT_OUTPUT_FILE_0}\"\n";
			showEnvVarsInLog = 0;
		};
/* End PBXShellScriptBuildPhase section */

/* Begin PBXSourcesBuildPhase section */
		6A7A3FB522229F2E00700103 /* Sources */ = {
			isa = PBXSourcesBuildPhase;
			buildActionMask = 2147483647;
			files = (
				6A7A3FC622229F3000700103 /* main.m in Sources */,
				94D601EA27A2923B00AFB56D /* MainWindowController.swift in Sources */,
				94D601EC27A39C6B00AFB56D /* DataParser.swift in Sources */,
				6A7A3FBE22229F2E00700103 /* AppDelegate.m in Sources */,
			);
			runOnlyForDeploymentPostprocessing = 0;
		};
/* End PBXSourcesBuildPhase section */

/* Begin PBXVariantGroup section */
		6A7A3FC122229F3000700103 /* MainMenu.xib */ = {
			isa = PBXVariantGroup;
			children = (
				6A7A3FC222229F3000700103 /* Base */,
			);
			name = MainMenu.xib;
			sourceTree = "<group>";
		};
/* End PBXVariantGroup section */

/* Begin XCBuildConfiguration section */
		6A7A3FC822229F3000700103 /* Debug */ = {
			isa = XCBuildConfiguration;
			buildSettings = {
				ALWAYS_SEARCH_USER_PATHS = NO;
				CLANG_ANALYZER_NONNULL = YES;
				CLANG_ANALYZER_NUMBER_OBJECT_CONVERSION = YES_AGGRESSIVE;
				CLANG_CXX_LANGUAGE_STANDARD = "gnu++14";
				CLANG_CXX_LIBRARY = "libc++";
				CLANG_ENABLE_MODULES = YES;
				CLANG_ENABLE_OBJC_ARC = YES;
				CLANG_ENABLE_OBJC_WEAK = YES;
				CLANG_WARN_BLOCK_CAPTURE_AUTORELEASING = YES;
				CLANG_WARN_BOOL_CONVERSION = YES;
				CLANG_WARN_COMMA = YES;
				CLANG_WARN_CONSTANT_CONVERSION = YES;
				CLANG_WARN_DEPRECATED_OBJC_IMPLEMENTATIONS = YES;
				CLANG_WARN_DIRECT_OBJC_ISA_USAGE = YES_ERROR;
				CLANG_WARN_DOCUMENTATION_COMMENTS = YES;
				CLANG_WARN_EMPTY_BODY = YES;
				CLANG_WARN_ENUM_CONVERSION = YES;
				CLANG_WARN_INFINITE_RECURSION = YES;
				CLANG_WARN_INT_CONVERSION = YES;
				CLANG_WARN_NON_LITERAL_NULL_CONVERSION = YES;
				CLANG_WARN_OBJC_IMPLICIT_RETAIN_SELF = YES;
				CLANG_WARN_OBJC_LITERAL_CONVERSION = YES;
				CLANG_WARN_OBJC_ROOT_CLASS = YES_ERROR;
				CLANG_WARN_RANGE_LOOP_ANALYSIS = YES;
				CLANG_WARN_STRICT_PROTOTYPES = YES;
				CLANG_WARN_SUSPICIOUS_MOVE = YES;
				CLANG_WARN_UNGUARDED_AVAILABILITY = YES_AGGRESSIVE;
				CLANG_WARN_UNREACHABLE_CODE = YES;
				CLANG_WARN__DUPLICATE_METHOD_MATCH = YES;
				CODE_SIGN_IDENTITY = "Mac Developer";
				COPY_PHASE_STRIP = NO;
				DEBUG_INFORMATION_FORMAT = dwarf;
				ENABLE_STRICT_OBJC_MSGSEND = YES;
				ENABLE_TESTABILITY = YES;
				GCC_C_LANGUAGE_STANDARD = gnu11;
				GCC_DYNAMIC_NO_PIC = NO;
				GCC_NO_COMMON_BLOCKS = YES;
				GCC_OPTIMIZATION_LEVEL = 0;
				GCC_PREPROCESSOR_DEFINITIONS = (
					"DEBUG=1",
					"$(inherited)",
				);
				GCC_WARN_64_TO_32_BIT_CONVERSION = YES;
				GCC_WARN_ABOUT_RETURN_TYPE = YES_ERROR;
				GCC_WARN_UNDECLARED_SELECTOR = YES;
				GCC_WARN_UNINITIALIZED_AUTOS = YES_AGGRESSIVE;
				GCC_WARN_UNUSED_FUNCTION = YES;
				GCC_WARN_UNUSED_VARIABLE = YES;
				MACOSX_DEPLOYMENT_TARGET = 10.14;
				MTL_ENABLE_DEBUG_INFO = INCLUDE_SOURCE;
				MTL_FAST_MATH = YES;
				ONLY_ACTIVE_ARCH = YES;
				SDKROOT = macosx;
			};
			name = Debug;
		};
		6A7A3FC922229F3000700103 /* Release */ = {
			isa = XCBuildConfiguration;
			buildSettings = {
				ALWAYS_SEARCH_USER_PATHS = NO;
				CLANG_ANALYZER_NONNULL = YES;
				CLANG_ANALYZER_NUMBER_OBJECT_CONVERSION = YES_AGGRESSIVE;
				CLANG_CXX_LANGUAGE_STANDARD = "gnu++14";
				CLANG_CXX_LIBRARY = "libc++";
				CLANG_ENABLE_MODULES = YES;
				CLANG_ENABLE_OBJC_ARC = YES;
				CLANG_ENABLE_OBJC_WEAK = YES;
				CLANG_WARN_BLOCK_CAPTURE_AUTORELEASING = YES;
				CLANG_WARN_BOOL_CONVERSION = YES;
				CLANG_WARN_COMMA = YES;
				CLANG_WARN_CONSTANT_CONVERSION = YES;
				CLANG_WARN_DEPRECATED_OBJC_IMPLEMENTATIONS = YES;
				CLANG_WARN_DIRECT_OBJC_ISA_USAGE = YES_ERROR;
				CLANG_WARN_DOCUMENTATION_COMMENTS = YES;
				CLANG_WARN_EMPTY_BODY = YES;
				CLANG_WARN_ENUM_CONVERSION = YES;
				CLANG_WARN_INFINITE_RECURSION = YES;
				CLANG_WARN_INT_CONVERSION = YES;
				CLANG_WARN_NON_LITERAL_NULL_CONVERSION = YES;
				CLANG_WARN_OBJC_IMPLICIT_RETAIN_SELF = YES;
				CLANG_WARN_OBJC_LITERAL_CONVERSION = YES;
				CLANG_WARN_OBJC_ROOT_CLASS = YES_ERROR;
				CLANG_WARN_RANGE_LOOP_ANALYSIS = YES;
				CLANG_WARN_STRICT_PROTOTYPES = YES;
				CLANG_WARN_SUSPICIOUS_MOVE = YES;
				CLANG_WARN_UNGUARDED_AVAILABILITY = YES_AGGRESSIVE;
				CLANG_WARN_UNREACHABLE_CODE = YES;
				CLANG_WARN__DUPLICATE_METHOD_MATCH = YES;
				CODE_SIGN_IDENTITY = "Mac Developer";
				COPY_PHASE_STRIP = NO;
				DEBUG_INFORMATION_FORMAT = "dwarf-with-dsym";
				ENABLE_NS_ASSERTIONS = NO;
				ENABLE_STRICT_OBJC_MSGSEND = YES;
				GCC_C_LANGUAGE_STANDARD = gnu11;
				GCC_NO_COMMON_BLOCKS = YES;
				GCC_WARN_64_TO_32_BIT_CONVERSION = YES;
				GCC_WARN_ABOUT_RETURN_TYPE = YES_ERROR;
				GCC_WARN_UNDECLARED_SELECTOR = YES;
				GCC_WARN_UNINITIALIZED_AUTOS = YES_AGGRESSIVE;
				GCC_WARN_UNUSED_FUNCTION = YES;
				GCC_WARN_UNUSED_VARIABLE = YES;
				MACOSX_DEPLOYMENT_TARGET = 10.14;
				MTL_ENABLE_DEBUG_INFO = NO;
				MTL_FAST_MATH = YES;
				SDKROOT = macosx;
			};
			name = Release;
		};
		6A7A3FCB22229F3000700103 /* Debug */ = {
			isa = XCBuildConfiguration;
			baseConfigurationReference = C3FEE21EEC43C63BAF720DC9 /* Pods-Watcher.debug.xcconfig */;
			buildSettings = {
				ASSETCATALOG_COMPILER_APPICON_NAME = AppIcon;
				CLANG_ENABLE_MODULES = YES;
				CODE_SIGN_IDENTITY = "-";
				CODE_SIGN_STYLE = Automatic;
				COMBINE_HIDPI_IMAGES = YES;
				DEVELOPMENT_TEAM = "";
				INFOPLIST_FILE = Watcher/Info.plist;
				LD_RUNPATH_SEARCH_PATHS = (
					"$(inherited)",
					"@executable_path/../Frameworks",
				);
				LIBRARY_SEARCH_PATHS = (
					"$(inherited)",
					"$(PROJECT_DIR)/Watcher",
				);
				PRODUCT_BUNDLE_IDENTIFIER = com.demo.Watcher;
				PRODUCT_NAME = "$(TARGET_NAME)";
				SWIFT_OBJC_BRIDGING_HEADER = "Watcher/Watcher-Bridging-Header.h";
				SWIFT_OPTIMIZATION_LEVEL = "-Onone";
				SWIFT_VERSION = 5.0;
			};
			name = Debug;
		};
		6A7A3FCC22229F3000700103 /* Release */ = {
			isa = XCBuildConfiguration;
			baseConfigurationReference = 5FD80F5D26B951E91C449226 /* Pods-Watcher.release.xcconfig */;
			buildSettings = {
				ASSETCATALOG_COMPILER_APPICON_NAME = AppIcon;
				CLANG_ENABLE_MODULES = YES;
				CODE_SIGN_IDENTITY = "-";
				CODE_SIGN_STYLE = Automatic;
				COMBINE_HIDPI_IMAGES = YES;
				DEVELOPMENT_TEAM = "";
				INFOPLIST_FILE = Watcher/Info.plist;
				LD_RUNPATH_SEARCH_PATHS = (
					"$(inherited)",
					"@executable_path/../Frameworks",
				);
				LIBRARY_SEARCH_PATHS = (
					"$(inherited)",
					"$(PROJECT_DIR)/Watcher",
				);
				PRODUCT_BUNDLE_IDENTIFIER = com.demo.Watcher;
				PRODUCT_NAME = "$(TARGET_NAME)";
				SWIFT_OBJC_BRIDGING_HEADER = "Watcher/Watcher-Bridging-Header.h";
				SWIFT_VERSION = 5.0;
			};
			name = Release;
		};
/* End XCBuildConfiguration section */

/* Begin XCConfigurationList section */
		6A7A3FB422229F2E00700103 /* Build configuration list for PBXProject "Watcher" */ = {
			isa = XCConfigurationList;
			buildConfigurations = (
				6A7A3FC822229F3000700103 /* Debug */,
				6A7A3FC922229F3000700103 /* Release */,
			);
			defaultConfigurationIsVisible = 0;
			defaultConfigurationName = Release;
		};
		6A7A3FCA22229F3000700103 /* Build configuration list for PBXNativeTarget "Watcher" */ = {
			isa = XCConfigurationList;
			buildConfigurations = (
				6A7A3FCB22229F3000700103 /* Debug */,
				6A7A3FCC22229F3000700103 /* Release */,
			);
			defaultConfigurationIsVisible = 0;
			defaultConfigurationName = Release;
		};
/* End XCConfigurationList section */
	};
	rootObject = 6A7A3FB122229F2E00700103 /* Project object */;
}
